<?xml version="1.0" encoding="utf-8"?>
<Project ToolsVersion="4.0" xmlns="http://schemas.microsoft.com/developer/msbuild/2003">
  <ItemGroup>
    <ClCompile Include="BoxUI.cpp" />
    <ClCompile Include="AggresiveNPC.cpp" />
    <ClCompile Include="ChatDialog.cpp" />
    <ClCompile Include="Console.cpp" />
    <ClCompile Include="CursorColor.cpp" />
    <ClCompile Include="GameManager.cpp" />
    <ClCompile Include="GameTool.cpp" />
    <ClCompile Include="InputManager.cpp" />
    <ClCompile Include="GameOver.cpp" />
    <ClCompile Include="INTRO.cpp" />
    <ClCompile Include="Inventory.cpp" />
    <ClCompile Include="Item.cpp" />
    <ClCompile Include="ItemManager.cpp" />
    <ClCompile Include="main.cpp" />
    <ClCompile Include="MapFloorUI.cpp" />
    <ClCompile Include="MapManager.cpp" />
    <ClCompile Include="PlayerMove.cpp" />
    <ClCompile Include="PrintContent.cpp" />
    <ClCompile Include="SecurityNPC.cpp" />
    <ClCompile Include="Timer.cpp" />
    <ClCompile Include="Quize_Tool.cpp" />
    <ClCompile Include="OutTro.cpp" />
  </ItemGroup>
  <ItemGroup>
    <ClInclude Include="AggresiveNPC.hpp" />
    <ClInclude Include="BoxUI.hpp" />
    <ClInclude Include="ChatDialog.hpp" />
    <ClInclude Include="Console.hpp" />
    <ClInclude Include="CursorColor.hpp" />
    <ClInclude Include="Cursor_Function.h" />
    <ClInclude Include="GameManager.hpp" />
    <ClInclude Include="GameTool.hpp" />
    <ClInclude Include="InputManager.hpp" />
    <ClInclude Include="INTRO.hpp" />
    <ClInclude Include="Inventory.hpp" />
    <ClInclude Include="Item.hpp" />
    <ClInclude Include="ItemManager.hpp" />
    <ClInclude Include="MapFloorUI.hpp" />
    <ClInclude Include="MapManager.hpp" />
    <ClInclude Include="Map_2_floor.h" />
    <ClInclude Include="Map_3_floor.h" />
    <ClInclude Include="Map_6_floor.h" />
    <ClInclude Include="PartPos.hpp" />
    <ClInclude Include="PlayerMove.hpp" />
    <ClInclude Include="PrintContent.h" />
    <ClInclude Include="Quize_Tool.hpp" />
    <ClInclude Include="resource.h" />
    <ClInclude Include="Timer.hpp" />
    <ClInclude Include="Map_5_floor.h" />
    <ClInclude Include="Map_4_floor.h" />
    <ClInclude Include="GameOver.h" />
    <ClInclude Include="SecurityNPC.hpp" />
    <ClInclude Include="OutTro.hpp" />
  </ItemGroup>
  <ItemGroup>
    <ResourceCompile Include="ESCAPE_UNIV.rc" />
  </ItemGroup>
</Project>